
Microsoft Visual Studio Solution File, Format Version 12.00
# Visual Studio Version 17
VisualStudioVersion = 17.10.34928.147
MinimumVisualStudioVersion = 10.0.40219.1
Project("{9A19103F-16F7-4668-BE54-9A1E7A4F7556}") = "Web", "Company.Web\Web.csproj", "{969D5595-285A-4779-BBA7-1510790248BA}"
EndProject
Project("{9A19103F-16F7-4668-BE54-9A1E7A4F7556}") = "Data", "Data\Data.csproj", "{E33D6AFB-2C1D-46A0-A1DE-6E0423240505}"
EndProject
Project("{9A19103F-16F7-4668-BE54-9A1E7A4F7556}") = "Repository", "Repository\Repository.csproj", "{C394CAFD-6B4B-42C0-A282-5A0C75C26F40}"
EndProject
Project("{9A19103F-16F7-4668-BE54-9A1E7A4F7556}") = "Service", "Service\Service.csproj", "{449EFB69-BF32-47A5-B2D4-25B0748AD1C8}"
EndProject
Project("{FAE04EC0-301F-11D3-BF4B-00C04F79EFBC}") = "AngularApp1.Server", "AngularApp1\AngularApp1.Server\AngularApp1.Server.csproj", "{17F8A07F-829F-4B0E-B981-0035CAC68D4D}"
EndProject
Project("{54A90642-561A-4BB1-A94E-469ADEE60C69}") = "angularapp1.client", "AngularApp1\angularapp1.client\angularapp1.client.esproj", "{36D953A2-24D1-4805-BBE0-9ED8335D40B6}"
EndProject
Global
	GlobalSection(SolutionConfigurationPlatforms) = preSolution
		Debug|Any CPU = Debug|Any CPU
		Release|Any CPU = Release|Any CPU
	EndGlobalSection
	GlobalSection(ProjectConfigurationPlatforms) = postSolution
		{969D5595-285A-4779-BBA7-1510790248BA}.Debug|Any CPU.ActiveCfg = Debug|Any CPU
		{969D5595-285A-4779-BBA7-1510790248BA}.Debug|Any CPU.Build.0 = Debug|Any CPU
		{969D5595-285A-4779-BBA7-1510790248BA}.Release|Any CPU.ActiveCfg = Release|Any CPU
		{969D5595-285A-4779-BBA7-1510790248BA}.Release|Any CPU.Build.0 = Release|Any CPU
		{E33D6AFB-2C1D-46A0-A1DE-6E0423240505}.Debug|Any CPU.ActiveCfg = Debug|Any CPU
		{E33D6AFB-2C1D-46A0-A1DE-6E0423240505}.Debug|Any CPU.Build.0 = Debug|Any CPU
		{E33D6AFB-2C1D-46A0-A1DE-6E0423240505}.Release|Any CPU.ActiveCfg = Release|Any CPU
		{E33D6AFB-2C1D-46A0-A1DE-6E0423240505}.Release|Any CPU.Build.0 = Release|Any CPU
		{C394CAFD-6B4B-42C0-A282-5A0C75C26F40}.Debug|Any CPU.ActiveCfg = Debug|Any CPU
		{C394CAFD-6B4B-42C0-A282-5A0C75C26F40}.Debug|Any CPU.Build.0 = Debug|Any CPU
		{C394CAFD-6B4B-42C0-A282-5A0C75C26F40}.Release|Any CPU.ActiveCfg = Release|Any CPU
		{C394CAFD-6B4B-42C0-A282-5A0C75C26F40}.Release|Any CPU.Build.0 = Release|Any CPU
		{449EFB69-BF32-47A5-B2D4-25B0748AD1C8}.Debug|Any CPU.ActiveCfg = Debug|Any CPU
		{449EFB69-BF32-47A5-B2D4-25B0748AD1C8}.Debug|Any CPU.Build.0 = Debug|Any CPU
		{449EFB69-BF32-47A5-B2D4-25B0748AD1C8}.Release|Any CPU.ActiveCfg = Release|Any CPU
		{449EFB69-BF32-47A5-B2D4-25B0748AD1C8}.Release|Any CPU.Build.0 = Release|Any CPU
		{17F8A07F-829F-4B0E-B981-0035CAC68D4D}.Debug|Any CPU.ActiveCfg = Debug|Any CPU
		{17F8A07F-829F-4B0E-B981-0035CAC68D4D}.Debug|Any CPU.Build.0 = Debug|Any CPU
		{17F8A07F-829F-4B0E-B981-0035CAC68D4D}.Release|Any CPU.ActiveCfg = Release|Any CPU
		{17F8A07F-829F-4B0E-B981-0035CAC68D4D}.Release|Any CPU.Build.0 = Release|Any CPU
		{36D953A2-24D1-4805-BBE0-9ED8335D40B6}.Debug|Any CPU.ActiveCfg = Debug|Any CPU
		{36D953A2-24D1-4805-BBE0-9ED8335D40B6}.Debug|Any CPU.Build.0 = Debug|Any CPU
		{36D953A2-24D1-4805-BBE0-9ED8335D40B6}.Debug|Any CPU.Deploy.0 = Debug|Any CPU
		{36D953A2-24D1-4805-BBE0-9ED8335D40B6}.Release|Any CPU.ActiveCfg = Release|Any CPU
		{36D953A2-24D1-4805-BBE0-9ED8335D40B6}.Release|Any CPU.Build.0 = Release|Any CPU
		{36D953A2-24D1-4805-BBE0-9ED8335D40B6}.Release|Any CPU.Deploy.0 = Release|Any CPU
	EndGlobalSection
	GlobalSection(SolutionProperties) = preSolution
		HideSolutionNode = FALSE
	EndGlobalSection
	GlobalSection(ExtensibilityGlobals) = postSolution
		SolutionGuid = {42223599-E6A7-4701-8112-65B86E2C5F64}
	EndGlobalSection
EndGlobal
